{
  "name": "ajs2",
  "version": "1.0.0",
  "lockfileVersion": 3,
  "requires": true,
  "packages": {
    "": {
      "name": "ajs2",
      "version": "1.0.0",
      "license": "ISC",
      "dependencies": {
        "@ilyazakharov00/ajs": "^1.0.0"
      }
    },
    "node_modules/@ilyazakharov00/ajs": {
      "version": "1.0.0",
      "resolved": "https://npm.pkg.github.com/download/@ilyazakharov00/ajs/1.0.0/60b11124364bb6c64c088fda059e2b61cbe4b64b",
      "integrity": "sha512-pxGZkH2EvpFlK1eXS35CCsuC8aOmNdY8pina05ChnYLgse9gcf4LiIKf79NMlaw3Szxt7RJ+T1ZW+PHzA7htKQ==",
      "license": "ISC"
    }
  }
}
